
Microsoft Visual Studio Solution File, Format Version 12.00
Project("{FAE04EC0-301F-11D3-BF4B-00C04F79EFBC}") = "Payment.Api", "Payment.Api\Payment.Api.csproj", "{D0B1F639-5545-4514-9EF3-F28D3ECF2BA0}"
EndProject
Project("{FAE04EC0-301F-11D3-BF4B-00C04F79EFBC}") = "Payment.Domain", "Payment.Domain\Payment.Domain.csproj", "{E3711E12-637A-4E59-8D3A-0EF5231FCA7F}"
EndProject
Project("{FAE04EC0-301F-11D3-BF4B-00C04F79EFBC}") = "Payment.Application", "Payment.Application\Payment.Application.csproj", "{E3856641-40D6-4174-A290-FC39C2F517BF}"
EndProject
Project("{FAE04EC0-301F-11D3-BF4B-00C04F79EFBC}") = "Payment.Infrastructure", "Payment.Infrastructure\Payment.Infrastructure.csproj", "{E377022D-E773-48B0-9160-71208A2B4B34}"
EndProject
Project("{2150E333-8FDC-42A3-9474-1A3956D46DE8}") = "SolutionItems", "SolutionItems", "{0784B9B3-DB06-4C2C-B587-A1EBF1C5A9ED}"
	ProjectSection(SolutionItems) = preProject
		README.md = README.md
		docker-compose.yml = docker-compose.yml
		docker_pgadmin_servers.json = docker_pgadmin_servers.json
	EndProjectSection
EndProject
Global
	GlobalSection(SolutionConfigurationPlatforms) = preSolution
		Debug|Any CPU = Debug|Any CPU
		Release|Any CPU = Release|Any CPU
	EndGlobalSection
	GlobalSection(ProjectConfigurationPlatforms) = postSolution
		{D0B1F639-5545-4514-9EF3-F28D3ECF2BA0}.Debug|Any CPU.ActiveCfg = Debug|Any CPU
		{D0B1F639-5545-4514-9EF3-F28D3ECF2BA0}.Debug|Any CPU.Build.0 = Debug|Any CPU
		{D0B1F639-5545-4514-9EF3-F28D3ECF2BA0}.Release|Any CPU.ActiveCfg = Release|Any CPU
		{D0B1F639-5545-4514-9EF3-F28D3ECF2BA0}.Release|Any CPU.Build.0 = Release|Any CPU
		{E3711E12-637A-4E59-8D3A-0EF5231FCA7F}.Debug|Any CPU.ActiveCfg = Debug|Any CPU
		{E3711E12-637A-4E59-8D3A-0EF5231FCA7F}.Debug|Any CPU.Build.0 = Debug|Any CPU
		{E3711E12-637A-4E59-8D3A-0EF5231FCA7F}.Release|Any CPU.ActiveCfg = Release|Any CPU
		{E3711E12-637A-4E59-8D3A-0EF5231FCA7F}.Release|Any CPU.Build.0 = Release|Any CPU
		{E3856641-40D6-4174-A290-FC39C2F517BF}.Debug|Any CPU.ActiveCfg = Debug|Any CPU
		{E3856641-40D6-4174-A290-FC39C2F517BF}.Debug|Any CPU.Build.0 = Debug|Any CPU
		{E3856641-40D6-4174-A290-FC39C2F517BF}.Release|Any CPU.ActiveCfg = Release|Any CPU
		{E3856641-40D6-4174-A290-FC39C2F517BF}.Release|Any CPU.Build.0 = Release|Any CPU
		{E377022D-E773-48B0-9160-71208A2B4B34}.Debug|Any CPU.ActiveCfg = Debug|Any CPU
		{E377022D-E773-48B0-9160-71208A2B4B34}.Debug|Any CPU.Build.0 = Debug|Any CPU
		{E377022D-E773-48B0-9160-71208A2B4B34}.Release|Any CPU.ActiveCfg = Release|Any CPU
		{E377022D-E773-48B0-9160-71208A2B4B34}.Release|Any CPU.Build.0 = Release|Any CPU
	EndGlobalSection
EndGlobal
